
Microsoft Visual Studio Solution File, Format Version 12.00
# Visual Studio Version 17
VisualStudioVersion = 17.11.35327.3
MinimumVisualStudioVersion = 10.0.40219.1
Project("{FAE04EC0-301F-11D3-BF4B-00C04F79EFBC}") = "Klavyeden Girilen 2 Sayinin Bolumunu Bulan CSharp Kodu", "Klavyeden Girilen 2 Sayinin Bolumunu Bulan CSharp Kodu\Klavyeden Girilen 2 Sayinin Bolumunu Bulan CSharp Kodu.csproj", "{24D5BE24-EEDB-491C-A534-57E2F0978FE4}"
EndProject
Global
	GlobalSection(SolutionConfigurationPlatforms) = preSolution
		Debug|Any CPU = Debug|Any CPU
		Release|Any CPU = Release|Any CPU
	EndGlobalSection
	GlobalSection(ProjectConfigurationPlatforms) = postSolution
		{24D5BE24-EEDB-491C-A534-57E2F0978FE4}.Debug|Any CPU.ActiveCfg = Debug|Any CPU
		{24D5BE24-EEDB-491C-A534-57E2F0978FE4}.Debug|Any CPU.Build.0 = Debug|Any CPU
		{24D5BE24-EEDB-491C-A534-57E2F0978FE4}.Release|Any CPU.ActiveCfg = Release|Any CPU
		{24D5BE24-EEDB-491C-A534-57E2F0978FE4}.Release|Any CPU.Build.0 = Release|Any CPU
	EndGlobalSection
	GlobalSection(SolutionProperties) = preSolution
		HideSolutionNode = FALSE
	EndGlobalSection
	GlobalSection(ExtensibilityGlobals) = postSolution
		SolutionGuid = {A860984C-03EB-4CF5-9D1F-377D12940E8C}
	EndGlobalSection
EndGlobal
